github.com/davecgh/go-spew v0.0.0-20151105211317-5215b55f46b2 h1:5zdDAMuB3gvbHB1m2BZT9+t9w+xaBmK3ehb7skDXcwM=
github.com/davecgh/go-spew v0.0.0-20151105211317-5215b55f46b2/go.mod h1:J7Y8YcW2NihsgmVo/mv3lAwl/skON4iLHjSsI+c5H38=
github.com/davecgh/go-spew v1.1.1 h1:vj9j/u1bqnvCEfJOwUhtlOARqs3+rkHYY13jYWTU97c=
github.com/davecgh/go-spew v1.1.1/go.mod h1:J7Y8YcW2NihsgmVo/mv3lAwl/skON4iLHjSsI+c5H38=
github.com/ernesto-jimenez/gogen v0.0.0-20180125220232-d7d4131e6607 h1:cTavhURetDkezJCvxFggiyLeP40Mrk/TtVg2+ycw1Es=
github.com/ernesto-jimenez/gogen v0.0.0-20180125220232-d7d4131e6607/go.mod h1:Cg4fM0vhYWOZdgM7RIOSTRNIc8/VT7CXClC3Ni86lu4=
github.com/konsorten/go-windows-terminal-sequences v1.0.1 h1:mweAR1A6xJ3oS2pRaGiHgQ4OO8tzTaLawm8vnODuwDk=
github.com/konsorten/go-windows-terminal-sequences v1.0.1/go.mod h1:T0+1ngSBFLxvqU3pZ+m/2kptfBszLMUkC4ZK/EgS/cQ=
github.com/mitchellh/mapstructure v1.1.2 h1:fmNYVwqnSfB9mZU6OS2O6GsXM+wcskZDuKQzvN1EDeE=
github.com/mitchellh/mapstructure v1.1.2/go.mod h1:FVVH3fgwuzCH5S8UJGiWEs2h04kUh9fWfEaFds41c1Y=
github.com/pmezard/go-difflib v0.0.0-20151028094244-d8ed2627bdf0 h1:GD+A8+e+wFkqje55/2fOVnZPkoDIu1VooBWfNrnY8Uo=
github.com/pmezard/go-difflib v0.0.0-20151028094244-d8ed2627bdf0/go.mod h1:iKH77koFhYxTK1pcRnkKkqfTogsbg7gZNVY4sRDYZ/4=
github.com/pmezard/go-difflib v1.0.0 h1:4DBwDE0NGyQoBHbLQYPwSUPoCMWR5BEzIk/f1lZbAQM=
github.com/pmezard/go-difflib v1.0.0/go.mod h1:iKH77koFhYxTK1pcRnkKkqfTogsbg7gZNVY4sRDYZ/4=
github.com/sirupsen/logrus v1.4.2 h1:SPIRibHv4MatM3XXNO2BJeFLZwZ2LvZgfQ5+UNI2im4=
github.com/sirupsen/logrus v1.4.2/go.mod h1:tLMulIdttU9McNUspp0xgXVQah82FyeX6MwdIuYE2rE=
github.com/stretchr/objx v0.0.0-20140526180921-cbeaeb16a013 h1:lg5xphrNMF4T2GfLhtXOhFrTn5ZmPRUOWXvCLOattFY=
github.com/stretchr/objx v0.0.0-20140526180921-cbeaeb16a013/go.mod h1:HFkY916IF+rwdDfMAkV7OtwuqBVzrE8GR6GFx+wExME=
github.com/stretchr/objx v0.1.1/go.mod h1:HFkY916IF+rwdDfMAkV7OtwuqBVzrE8GR6GFx+wExME=
github.com/stretchr/testify v0.0.0-20151202184152-a1f97990ddc1 h1:uVD9AluhaJ2pfiHycuph2qFeK+2R6quH7UJpwcpN2Nk=
github.com/stretchr/testify v0.0.0-20151202184152-a1f97990ddc1/go.mod h1:a8OnRcib4nhh0OaRAV+Yts87kKdq0PP7pXfy6kDkUVs=
github.com/stretchr/testify v1.2.2 h1:bSDNvY7ZPG5RlJ8otE/7V6gMiyenm9RtJ7IUVIAoJ1w=
github.com/stretchr/testify v1.2.2/go.mod h1:a8OnRcib4nhh0OaRAV+Yts87kKdq0PP7pXfy6kDkUVs=
golang.org/x/sys v0.0.0-20190422165155-953cdadca894 h1:Cz4ceDQGXuKRnVBDTS23GTn/pU5OE2C0WrNTOYK1Uuc=
golang.org/x/sys v0.0.0-20190422165155-953cdadca894/go.mod h1:h1NjWce9XRLGQEsW7wpKNCjG9DtNlClVuFLEZdDNbEs=
golang.org/x/tools v0.0.0-20151001195728-b7f0150d16f1 h1:EYSdx4QYB44go8fCUsET6HkvbDPsMJTIEdAA0+sm5fY=
golang.org/x/tools v0.0.0-20151001195728-b7f0150d16f1/go.mod h1:n7NCudcB/nEzxVGmLbDWY5pfWTLqBcC2KZ6jyYvM4mQ=
